Microsoft Visual Studio Solution File, Format Version 8.00
Project("{FAE04EC0-301F-11D3-BF4B-00C04F79EFBC}") = "EventDemo", "EventDemo.csproj", "{74A294C3-6C99-4170-95F7-E87D90BFC0B0}"
	ProjectSection(ProjectDependencies) = postProject
	EndProjectSection
EndProject
Project("{FAE04EC0-301F-11D3-BF4B-00C04F79EFBC}") = "SwitchboardGenerator", "SwitchboardGenerator\SwitchboardGenerator.csproj", "{6E2564E9-8FDA-4997-94F6-BCF2CD5154F0}"
	ProjectSection(ProjectDependencies) = postProject
	EndProjectSection
EndProject
Global
	GlobalSection(SolutionConfiguration) = preSolution
		Debug = Debug
		Release = Release
	EndGlobalSection
	GlobalSection(ProjectConfiguration) = postSolution
		{74A294C3-6C99-4170-95F7-E87D90BFC0B0}.Debug.ActiveCfg = Debug|.NET
		{74A294C3-6C99-4170-95F7-E87D90BFC0B0}.Debug.Build.0 = Debug|.NET
		{74A294C3-6C99-4170-95F7-E87D90BFC0B0}.Release.ActiveCfg = Release|.NET
		{74A294C3-6C99-4170-95F7-E87D90BFC0B0}.Release.Build.0 = Release|.NET
		{6E2564E9-8FDA-4997-94F6-BCF2CD5154F0}.Debug.ActiveCfg = Debug|.NET
		{6E2564E9-8FDA-4997-94F6-BCF2CD5154F0}.Debug.Build.0 = Debug|.NET
		{6E2564E9-8FDA-4997-94F6-BCF2CD5154F0}.Release.ActiveCfg = Release|.NET
		{6E2564E9-8FDA-4997-94F6-BCF2CD5154F0}.Release.Build.0 = Release|.NET
	EndGlobalSection
	GlobalSection(ExtensibilityGlobals) = postSolution
	EndGlobalSection
	GlobalSection(ExtensibilityAddIns) = postSolution
	EndGlobalSection
EndGlobal
