Microsoft Visual Studio Solution File, Format Version 8.00
Project("{FAE04EC0-301F-11D3-BF4B-00C04F79EFBC}") = "DomainMaster", "DomainMaster.csproj", "{1C0B1897-AFF6-45AC-A293-9021A87E7A76}"
	ProjectSection(ProjectDependencies) = postProject
	EndProjectSection
EndProject
Global
	GlobalSection(SolutionConfiguration) = preSolution
		Debug = Debug
		Release = Release
	EndGlobalSection
	GlobalSection(ProjectConfiguration) = postSolution
		{1C0B1897-AFF6-45AC-A293-9021A87E7A76}.Debug.ActiveCfg = Debug|.NET
		{1C0B1897-AFF6-45AC-A293-9021A87E7A76}.Debug.Build.0 = Debug|.NET
		{1C0B1897-AFF6-45AC-A293-9021A87E7A76}.Release.ActiveCfg = Release|.NET
		{1C0B1897-AFF6-45AC-A293-9021A87E7A76}.Release.Build.0 = Release|.NET
	EndGlobalSection
	GlobalSection(ExtensibilityGlobals) = postSolution
	EndGlobalSection
	GlobalSection(ExtensibilityAddIns) = postSolution
	EndGlobalSection
EndGlobal
