Microsoft Visual Studio Solution File, Format Version 8.00
Project("{FAE04EC0-301F-11D3-BF4B-00C04F79EFBC}") = "Shared", "Shared.csproj", "{2551077A-80ED-406D-B02F-CE47D03673CA}"
	ProjectSection(ProjectDependencies) = postProject
	EndProjectSection
EndProject
Project("{FAE04EC0-301F-11D3-BF4B-00C04F79EFBC}") = "Client", "..\Client\Client.csproj", "{41253013-F5EF-44E7-8EB4-D582FEDB834C}"
	ProjectSection(ProjectDependencies) = postProject
	EndProjectSection
EndProject
Project("{FAE04EC0-301F-11D3-BF4B-00C04F79EFBC}") = "Server", "..\Server\Server.csproj", "{3F33B053-CA0A-41E3-AB02-7FA3DB09F881}"
	ProjectSection(ProjectDependencies) = postProject
	EndProjectSection
EndProject
Project("{FAE04EC0-301F-11D3-BF4B-00C04F79EFBC}") = "SocEngine", "..\..\Soccer\SocEngine\SocEngine.csproj", "{11EA6D66-E638-44E9-84EC-3238CE7E82A2}"
	ProjectSection(ProjectDependencies) = postProject
	EndProjectSection
EndProject
Project("{FAE04EC0-301F-11D3-BF4B-00C04F79EFBC}") = "SocClient", "..\..\Soccer\SocClient\SocClient.csproj", "{1A52E978-D8E7-46AF-BCBE-BE9107EAF8FB}"
	ProjectSection(ProjectDependencies) = postProject
	EndProjectSection
EndProject
Project("{FAE04EC0-301F-11D3-BF4B-00C04F79EFBC}") = "SocServer", "..\..\Soccer\SocServer\SocServer.csproj", "{F529A3D3-603A-438D-A2CD-5F8A964032E8}"
	ProjectSection(ProjectDependencies) = postProject
	EndProjectSection
EndProject
Global
	GlobalSection(SolutionConfiguration) = preSolution
		Debug = Debug
		Release = Release
	EndGlobalSection
	GlobalSection(ProjectConfiguration) = postSolution
		{2551077A-80ED-406D-B02F-CE47D03673CA}.Debug.ActiveCfg = Debug|.NET
		{2551077A-80ED-406D-B02F-CE47D03673CA}.Debug.Build.0 = Debug|.NET
		{2551077A-80ED-406D-B02F-CE47D03673CA}.Release.ActiveCfg = Release|.NET
		{2551077A-80ED-406D-B02F-CE47D03673CA}.Release.Build.0 = Release|.NET
		{41253013-F5EF-44E7-8EB4-D582FEDB834C}.Debug.ActiveCfg = Debug|.NET
		{41253013-F5EF-44E7-8EB4-D582FEDB834C}.Debug.Build.0 = Debug|.NET
		{41253013-F5EF-44E7-8EB4-D582FEDB834C}.Release.ActiveCfg = Release|.NET
		{41253013-F5EF-44E7-8EB4-D582FEDB834C}.Release.Build.0 = Release|.NET
		{3F33B053-CA0A-41E3-AB02-7FA3DB09F881}.Debug.ActiveCfg = Debug|.NET
		{3F33B053-CA0A-41E3-AB02-7FA3DB09F881}.Debug.Build.0 = Debug|.NET
		{3F33B053-CA0A-41E3-AB02-7FA3DB09F881}.Release.ActiveCfg = Release|.NET
		{3F33B053-CA0A-41E3-AB02-7FA3DB09F881}.Release.Build.0 = Release|.NET
		{11EA6D66-E638-44E9-84EC-3238CE7E82A2}.Debug.ActiveCfg = Debug|.NET
		{11EA6D66-E638-44E9-84EC-3238CE7E82A2}.Debug.Build.0 = Debug|.NET
		{11EA6D66-E638-44E9-84EC-3238CE7E82A2}.Release.ActiveCfg = Release|.NET
		{11EA6D66-E638-44E9-84EC-3238CE7E82A2}.Release.Build.0 = Release|.NET
		{1A52E978-D8E7-46AF-BCBE-BE9107EAF8FB}.Debug.ActiveCfg = Debug|.NET
		{1A52E978-D8E7-46AF-BCBE-BE9107EAF8FB}.Debug.Build.0 = Debug|.NET
		{1A52E978-D8E7-46AF-BCBE-BE9107EAF8FB}.Release.ActiveCfg = Release|.NET
		{1A52E978-D8E7-46AF-BCBE-BE9107EAF8FB}.Release.Build.0 = Release|.NET
		{F529A3D3-603A-438D-A2CD-5F8A964032E8}.Debug.ActiveCfg = Debug|.NET
		{F529A3D3-603A-438D-A2CD-5F8A964032E8}.Debug.Build.0 = Debug|.NET
		{F529A3D3-603A-438D-A2CD-5F8A964032E8}.Release.ActiveCfg = Release|.NET
		{F529A3D3-603A-438D-A2CD-5F8A964032E8}.Release.Build.0 = Release|.NET
	EndGlobalSection
	GlobalSection(ExtensibilityGlobals) = postSolution
	EndGlobalSection
	GlobalSection(ExtensibilityAddIns) = postSolution
	EndGlobalSection
EndGlobal
